// !$*UTF8*$!
{
	archiveVersion = 1;
	classes = {
	};
	objectVersion = 46;
	objects = {

/* Begin PBXBuildFile section */
		48E4404A1D8111A000874D92 /* AppDelegate.swift in Sources */ = {isa = PBXBuildFile; fileRef = 48E440491D8111A000874D92 /* AppDelegate.swift */; };
		48E4404C1D8111A000874D92 /* SignUpViewController.swift in Sources */ = {isa = PBXBuildFile; fileRef = 48E4404B1D8111A000874D92 /* SignUpViewController.swift */; };
		48E4404F1D8111A000874D92 /* Main.storyboard in Resources */ = {isa = PBXBuildFile; fileRef = 48E4404D1D8111A000874D92 /* Main.storyboard */; };
		48E440511D8111A000874D92 /* Assets.xcassets in Resources */ = {isa = PBXBuildFile; fileRef = 48E440501D8111A000874D92 /* Assets.xcassets */; };
		48E440541D8111A000874D92 /* LaunchScreen.storyboard in Resources */ = {isa = PBXBuildFile; fileRef = 48E440521D8111A000874D92 /* LaunchScreen.storyboard */; };
		48E4405D1D81123000874D92 /* SignInViewController.swift in Sources */ = {isa = PBXBuildFile; fileRef = 48E4405C1D81123000874D92 /* SignInViewController.swift */; };
		48E440601D81128700874D92 /* LaunchStoryboard.storyboard in Resources */ = {isa = PBXBuildFile; fileRef = 48E4405F1D81128700874D92 /* LaunchStoryboard.storyboard */; };
		48E440621D81137800874D92 /* ImageFeedStoryboard.storyboard in Resources */ = {isa = PBXBuildFile; fileRef = 48E440611D81137800874D92 /* ImageFeedStoryboard.storyboard */; };
		48E440641D81138800874D92 /* UploadImageStoryboard.storyboard in Resources */ = {isa = PBXBuildFile; fileRef = 48E440631D81138800874D92 /* UploadImageStoryboard.storyboard */; };
		48E440661D81139800874D92 /* ProfileStoryboard.storyboard in Resources */ = {isa = PBXBuildFile; fileRef = 48E440651D81139800874D92 /* ProfileStoryboard.storyboard */; };
		48E440681D8113F500874D92 /* ImageFeedViewController.swift in Sources */ = {isa = PBXBuildFile; fileRef = 48E440671D8113F500874D92 /* ImageFeedViewController.swift */; };
		48E4406A1D81140B00874D92 /* UploadImageViewController.swift in Sources */ = {isa = PBXBuildFile; fileRef = 48E440691D81140B00874D92 /* UploadImageViewController.swift */; };
		48E4406C1D8114F700874D92 /* ProfileViewController.swift in Sources */ = {isa = PBXBuildFile; fileRef = 48E4406B1D8114F700874D92 /* ProfileViewController.swift */; };
		AE04D0231D8132F4002B151D /* GoogleService-Info.plist in Resources */ = {isa = PBXBuildFile; fileRef = AE04D0221D8132F4002B151D /* GoogleService-Info.plist */; };
		AE0A1FC51D829EA1000C6CAF /* DataService.swift in Sources */ = {isa = PBXBuildFile; fileRef = AE0A1FC41D829EA1000C6CAF /* DataService.swift */; };
		AE0A1FC91D82A4BD000C6CAF /* Hipsta.swift in Sources */ = {isa = PBXBuildFile; fileRef = AE0A1FC81D82A4BD000C6CAF /* Hipsta.swift */; };
		AE726C521D824B94009AEDC4 /* UncoveredContentViewController.swift in Sources */ = {isa = PBXBuildFile; fileRef = AE726C511D824B94009AEDC4 /* UncoveredContentViewController.swift */; };
		B8131AA7DF803A8006C1BB20 /* Pods_Hipstagram.framework in Frameworks */ = {isa = PBXBuildFile; fileRef = B9C1D1E7CD744D311986DA5A /* Pods_Hipstagram.framework */; };
/* End PBXBuildFile section */

/* Begin PBXFileReference section */
		01CA4E0848DD0A1D3E989834 /* Pods-Hipstagram.release.xcconfig */ = {isa = PBXFileReference; includeInIndex = 1; lastKnownFileType = text.xcconfig; name = "Pods-Hipstagram.release.xcconfig"; path = "Pods/Target Support Files/Pods-Hipstagram/Pods-Hipstagram.release.xcconfig"; sourceTree = "<group>"; };
		48E440461D8111A000874D92 /* Hipstagram.app */ = {isa = PBXFileReference; explicitFileType = wrapper.application; includeInIndex = 0; path = Hipstagram.app; sourceTree = BUILT_PRODUCTS_DIR; };
		48E440491D8111A000874D92 /* AppDelegate.swift */ = {isa = PBXFileReference; lastKnownFileType = sourcecode.swift; path = AppDelegate.swift; sourceTree = "<group>"; };
		48E4404B1D8111A000874D92 /* SignUpViewController.swift */ = {isa = PBXFileReference; lastKnownFileType = sourcecode.swift; path = SignUpViewController.swift; sourceTree = "<group>"; };
		48E4404E1D8111A000874D92 /* Base */ = {isa = PBXFileReference; lastKnownFileType = file.storyboard; name = Base; path = Base.lproj/Main.storyboard; sourceTree = "<group>"; };
		48E440501D8111A000874D92 /* Assets.xcassets */ = {isa = PBXFileReference; lastKnownFileType = folder.assetcatalog; path = Assets.xcassets; sourceTree = "<group>"; };
		48E440531D8111A000874D92 /* Base */ = {isa = PBXFileReference; lastKnownFileType = file.storyboard; name = Base; path = Base.lproj/LaunchScreen.storyboard; sourceTree = "<group>"; };
		48E440551D8111A000874D92 /* Info.plist */ = {isa = PBXFileReference; lastKnownFileType = text.plist.xml; path = Info.plist; sourceTree = "<group>"; };
		48E4405C1D81123000874D92 /* SignInViewController.swift */ = {isa = PBXFileReference; fileEncoding = 4; lastKnownFileType = sourcecode.swift; path = SignInViewController.swift; sourceTree = "<group>"; };
		48E4405F1D81128700874D92 /* LaunchStoryboard.storyboard */ = {isa = PBXFileReference; fileEncoding = 4; lastKnownFileType = file.storyboard; path = LaunchStoryboard.storyboard; sourceTree = "<group>"; };
		48E440611D81137800874D92 /* ImageFeedStoryboard.storyboard */ = {isa = PBXFileReference; fileEncoding = 4; lastKnownFileType = file.storyboard; path = ImageFeedStoryboard.storyboard; sourceTree = "<group>"; };
		48E440631D81138800874D92 /* UploadImageStoryboard.storyboard */ = {isa = PBXFileReference; fileEncoding = 4; lastKnownFileType = file.storyboard; path = UploadImageStoryboard.storyboard; sourceTree = "<group>"; };
		48E440651D81139800874D92 /* ProfileStoryboard.storyboard */ = {isa = PBXFileReference; fileEncoding = 4; lastKnownFileType = file.storyboard; path = ProfileStoryboard.storyboard; sourceTree = "<group>"; };
		48E440671D8113F500874D92 /* ImageFeedViewController.swift */ = {isa = PBXFileReference; fileEncoding = 4; lastKnownFileType = sourcecode.swift; path = ImageFeedViewController.swift; sourceTree = "<group>"; };
		48E440691D81140B00874D92 /* UploadImageViewController.swift */ = {isa = PBXFileReference; fileEncoding = 4; lastKnownFileType = sourcecode.swift; path = UploadImageViewController.swift; sourceTree = "<group>"; };
		48E4406B1D8114F700874D92 /* ProfileViewController.swift */ = {isa = PBXFileReference; fileEncoding = 4; lastKnownFileType = sourcecode.swift; path = ProfileViewController.swift; sourceTree = "<group>"; };
		7A5DCECD9D01A2ECA7C7EFBA /* Pods-Hipstagram.debug.xcconfig */ = {isa = PBXFileReference; includeInIndex = 1; lastKnownFileType = text.xcconfig; name = "Pods-Hipstagram.debug.xcconfig"; path = "Pods/Target Support Files/Pods-Hipstagram/Pods-Hipstagram.debug.xcconfig"; sourceTree = "<group>"; };
		AE04D0221D8132F4002B151D /* GoogleService-Info.plist */ = {isa = PBXFileReference; fileEncoding = 4; lastKnownFileType = text.plist.xml; path = "GoogleService-Info.plist"; sourceTree = "<group>"; };
		AE0A1FC41D829EA1000C6CAF /* DataService.swift */ = {isa = PBXFileReference; fileEncoding = 4; lastKnownFileType = sourcecode.swift; path = DataService.swift; sourceTree = "<group>"; };
		AE0A1FC81D82A4BD000C6CAF /* Hipsta.swift */ = {isa = PBXFileReference; fileEncoding = 4; lastKnownFileType = sourcecode.swift; path = Hipsta.swift; sourceTree = "<group>"; };
		AE726C511D824B94009AEDC4 /* UncoveredContentViewController.swift */ = {isa = PBXFileReference; fileEncoding = 4; lastKnownFileType = sourcecode.swift; path = UncoveredContentViewController.swift; sourceTree = "<group>"; };
		B9C1D1E7CD744D311986DA5A /* Pods_Hipstagram.framework */ = {isa = PBXFileReference; explicitFileType = wrapper.framework; includeInIndex = 0; path = Pods_Hipstagram.framework; sourceTree = BUILT_PRODUCTS_DIR; };
/* End PBXFileReference section */

/* Begin PBXFrameworksBuildPhase section */
		48E440431D8111A000874D92 /* Frameworks */ = {
			isa = PBXFrameworksBuildPhase;
			buildActionMask = 2147483647;
			files = (
				B8131AA7DF803A8006C1BB20 /* Pods_Hipstagram.framework in Frameworks */,
			);
			runOnlyForDeploymentPostprocessing = 0;
		};
/* End PBXFrameworksBuildPhase section */

/* Begin PBXGroup section */
		48E4403D1D8111A000874D92 = {
			isa = PBXGroup;
			children = (
				48E440481D8111A000874D92 /* Hipstagram */,
				48E440471D8111A000874D92 /* Products */,
				B465A28F189DEF9D23E81FFF /* Pods */,
				886F5224D7D71BDB2718C568 /* Frameworks */,
			);
			sourceTree = "<group>";
		};
		48E440471D8111A000874D92 /* Products */ = {
			isa = PBXGroup;
			children = (
				48E440461D8111A000874D92 /* Hipstagram.app */,
			);
			name = Products;
			sourceTree = "<group>";
		};
		48E440481D8111A000874D92 /* Hipstagram */ = {
			isa = PBXGroup;
			children = (
				AE0A1FC81D82A4BD000C6CAF /* Hipsta.swift */,
				AE0A1FC41D829EA1000C6CAF /* DataService.swift */,
				48E4405E1D81123900874D92 /* View controllers */,
				48E4405B1D8111BA00874D92 /* Storyboards */,
				48E4406D1D8116CB00874D92 /* Supporting files */,
			);
			path = Hipstagram;
			sourceTree = "<group>";
		};
		48E4405B1D8111BA00874D92 /* Storyboards */ = {
			isa = PBXGroup;
			children = (
				AE726C541D82543E009AEDC4 /* Launch_Story storyboards */,
				48E4404D1D8111A000874D92 /* Main.storyboard */,
				48E440611D81137800874D92 /* ImageFeedStoryboard.storyboard */,
				48E440631D81138800874D92 /* UploadImageStoryboard.storyboard */,
				48E440651D81139800874D92 /* ProfileStoryboard.storyboard */,
			);
			name = Storyboards;
			sourceTree = "<group>";
		};
		48E4405E1D81123900874D92 /* View controllers */ = {
			isa = PBXGroup;
			children = (
				AE726C531D8252A5009AEDC4 /* Launch_Story VCs */,
				48E440671D8113F500874D92 /* ImageFeedViewController.swift */,
				48E440691D81140B00874D92 /* UploadImageViewController.swift */,
				48E4406B1D8114F700874D92 /* ProfileViewController.swift */,
			);
			name = "View controllers";
			sourceTree = "<group>";
		};
		48E4406D1D8116CB00874D92 /* Supporting files */ = {
			isa = PBXGroup;
			children = (
				48E440491D8111A000874D92 /* AppDelegate.swift */,
				48E440501D8111A000874D92 /* Assets.xcassets */,
				AE04D0221D8132F4002B151D /* GoogleService-Info.plist */,
				48E440551D8111A000874D92 /* Info.plist */,
			);
			name = "Supporting files";
			sourceTree = "<group>";
		};
		886F5224D7D71BDB2718C568 /* Frameworks */ = {
			isa = PBXGroup;
			children = (
				B9C1D1E7CD744D311986DA5A /* Pods_Hipstagram.framework */,
			);
			name = Frameworks;
			sourceTree = "<group>";
		};
		AE726C531D8252A5009AEDC4 /* Launch_Story VCs */ = {
			isa = PBXGroup;
			children = (
				48E4404B1D8111A000874D92 /* SignUpViewController.swift */,
				48E4405C1D81123000874D92 /* SignInViewController.swift */,
				AE726C511D824B94009AEDC4 /* UncoveredContentViewController.swift */,
			);
			name = "Launch_Story VCs";
			sourceTree = "<group>";
		};
		AE726C541D82543E009AEDC4 /* Launch_Story storyboards */ = {
			isa = PBXGroup;
			children = (
				48E440521D8111A000874D92 /* LaunchScreen.storyboard */,
				48E4405F1D81128700874D92 /* LaunchStoryboard.storyboard */,
			);
			name = "Launch_Story storyboards";
			sourceTree = "<group>";
		};
		B465A28F189DEF9D23E81FFF /* Pods */ = {
			isa = PBXGroup;
			children = (
				7A5DCECD9D01A2ECA7C7EFBA /* Pods-Hipstagram.debug.xcconfig */,
				01CA4E0848DD0A1D3E989834 /* Pods-Hipstagram.release.xcconfig */,
			);
			name = Pods;
			sourceTree = "<group>";
		};
/* End PBXGroup section */

/* Begin PBXNativeTarget section */
		48E440451D8111A000874D92 /* Hipstagram */ = {
			isa = PBXNativeTarget;
			buildConfigurationList = 48E440581D8111A000874D92 /* Build configuration list for PBXNativeTarget "Hipstagram" */;
			buildPhases = (
				4A6DF86881A8026E29B53A82 /* [CP] Check Pods Manifest.lock */,
				48E440421D8111A000874D92 /* Sources */,
				48E440431D8111A000874D92 /* Frameworks */,
				48E440441D8111A000874D92 /* Resources */,
				0BCA2E854EBEB0C19FB11208 /* [CP] Embed Pods Frameworks */,
				382B2D8207B6CA42670A4602 /* [CP] Copy Pods Resources */,
			);
			buildRules = (
			);
			dependencies = (
			);
			name = Hipstagram;
			productName = Hipstagram;
			productReference = 48E440461D8111A000874D92 /* Hipstagram.app */;
			productType = "com.apple.product-type.application";
		};
/* End PBXNativeTarget section */

/* Begin PBXProject section */
		48E4403E1D8111A000874D92 /* Project object */ = {
			isa = PBXProject;
			attributes = {
				LastSwiftUpdateCheck = 0730;
				LastUpgradeCheck = 0730;
				ORGANIZATIONNAME = "Goh Min-Yi";
				TargetAttributes = {
					48E440451D8111A000874D92 = {
						CreatedOnToolsVersion = 7.3.1;
						DevelopmentTeam = N459RP7MQM;
					};
				};
			};
			buildConfigurationList = 48E440411D8111A000874D92 /* Build configuration list for PBXProject "Hipstagram" */;
			compatibilityVersion = "Xcode 3.2";
			developmentRegion = English;
			hasScannedForEncodings = 0;
			knownRegions = (
				en,
				Base,
			);
			mainGroup = 48E4403D1D8111A000874D92;
			productRefGroup = 48E440471D8111A000874D92 /* Products */;
			projectDirPath = "";
			projectRoot = "";
			targets = (
				48E440451D8111A000874D92 /* Hipstagram */,
			);
		};
/* End PBXProject section */

/* Begin PBXResourcesBuildPhase section */
		48E440441D8111A000874D92 /* Resources */ = {
			isa = PBXResourcesBuildPhase;
			buildActionMask = 2147483647;
			files = (
				48E440641D81138800874D92 /* UploadImageStoryboard.storyboard in Resources */,
				AE04D0231D8132F4002B151D /* GoogleService-Info.plist in Resources */,
				48E440541D8111A000874D92 /* LaunchScreen.storyboard in Resources */,
				48E440661D81139800874D92 /* ProfileStoryboard.storyboard in Resources */,
				48E440511D8111A000874D92 /* Assets.xcassets in Resources */,
				48E440601D81128700874D92 /* LaunchStoryboard.storyboard in Resources */,
				48E4404F1D8111A000874D92 /* Main.storyboard in Resources */,
				48E440621D81137800874D92 /* ImageFeedStoryboard.storyboard in Resources */,
			);
			runOnlyForDeploymentPostprocessing = 0;
		};
/* End PBXResourcesBuildPhase section */

/* Begin PBXShellScriptBuildPhase section */
		0BCA2E854EBEB0C19FB11208 /* [CP] Embed Pods Frameworks */ = {
			isa = PBXShellScriptBuildPhase;
			buildActionMask = 2147483647;
			files = (
			);
			inputPaths = (
			);
			name = "[CP] Embed Pods Frameworks";
			outputPaths = (
			);
			runOnlyForDeploymentPostprocessing = 0;
			shellPath = /bin/sh;
			shellScript = "\"${SRCROOT}/Pods/Target Support Files/Pods-Hipstagram/Pods-Hipstagram-frameworks.sh\"\n";
			showEnvVarsInLog = 0;
		};
		382B2D8207B6CA42670A4602 /* [CP] Copy Pods Resources */ = {
			isa = PBXShellScriptBuildPhase;
			buildActionMask = 2147483647;
			files = (
			);
			inputPaths = (
			);
			name = "[CP] Copy Pods Resources";
			outputPaths = (
			);
			runOnlyForDeploymentPostprocessing = 0;
			shellPath = /bin/sh;
			shellScript = "\"${SRCROOT}/Pods/Target Support Files/Pods-Hipstagram/Pods-Hipstagram-resources.sh\"\n";
			showEnvVarsInLog = 0;
		};
		4A6DF86881A8026E29B53A82 /* [CP] Check Pods Manifest.lock */ = {
			isa = PBXShellScriptBuildPhase;
			buildActionMask = 2147483647;
			files = (
			);
			inputPaths = (
			);
			name = "[CP] Check Pods Manifest.lock";
			outputPaths = (
			);
			runOnlyForDeploymentPostprocessing = 0;
			shellPath = /bin/sh;
			shellScript = "diff \"${PODS_ROOT}/../Podfile.lock\" \"${PODS_ROOT}/Manifest.lock\" > /dev/null\nif [[ $? != 0 ]] ; then\n    cat << EOM\nerror: The sandbox is not in sync with the Podfile.lock. Run 'pod install' or update your CocoaPods installation.\nEOM\n    exit 1\nfi\n";
			showEnvVarsInLog = 0;
		};
/* End PBXShellScriptBuildPhase section */

/* Begin PBXSourcesBuildPhase section */
		48E440421D8111A000874D92 /* Sources */ = {
			isa = PBXSourcesBuildPhase;
			buildActionMask = 2147483647;
			files = (
				AE0A1FC51D829EA1000C6CAF /* DataService.swift in Sources */,
				48E4406C1D8114F700874D92 /* ProfileViewController.swift in Sources */,
				AE726C521D824B94009AEDC4 /* UncoveredContentViewController.swift in Sources */,
				48E4404C1D8111A000874D92 /* SignUpViewController.swift in Sources */,
				48E4404A1D8111A000874D92 /* AppDelegate.swift in Sources */,
				AE0A1FC91D82A4BD000C6CAF /* Hipsta.swift in Sources */,
				48E4406A1D81140B00874D92 /* UploadImageViewController.swift in Sources */,
				48E440681D8113F500874D92 /* ImageFeedViewController.swift in Sources */,
				48E4405D1D81123000874D92 /* SignInViewController.swift in Sources */,
			);
			runOnlyForDeploymentPostprocessing = 0;
		};
/* End PBXSourcesBuildPhase section */

/* Begin PBXVariantGroup section */
		48E4404D1D8111A000874D92 /* Main.storyboard */ = {
			isa = PBXVariantGroup;
			children = (
				48E4404E1D8111A000874D92 /* Base */,
			);
			name = Main.storyboard;
			sourceTree = "<group>";
		};
		48E440521D8111A000874D92 /* LaunchScreen.storyboard */ = {
			isa = PBXVariantGroup;
			children = (
				48E440531D8111A000874D92 /* Base */,
			);
			name = LaunchScreen.storyboard;
			sourceTree = "<group>";
		};
/* End PBXVariantGroup section */

/* Begin XCBuildConfiguration section */
		48E440561D8111A000874D92 /* Debug */ = {
			isa = XCBuildConfiguration;
			buildSettings = {
				ALWAYS_SEARCH_USER_PATHS = NO;
				CLANG_ANALYZER_NONNULL = YES;
				CLANG_CXX_LANGUAGE_STANDARD = "gnu++0x";
				CLANG_CXX_LIBRARY = "libc++";
				CLANG_ENABLE_MODULES = YES;
				CLANG_ENABLE_OBJC_ARC = YES;
				CLANG_WARN_BOOL_CONVERSION = YES;
				CLANG_WARN_CONSTANT_CONVERSION = YES;
				CLANG_WARN_DIRECT_OBJC_ISA_USAGE = YES_ERROR;
				CLANG_WARN_EMPTY_BODY = YES;
				CLANG_WARN_ENUM_CONVERSION = YES;
				CLANG_WARN_INT_CONVERSION = YES;
				CLANG_WARN_OBJC_ROOT_CLASS = YES_ERROR;
				CLANG_WARN_UNREACHABLE_CODE = YES;
				CLANG_WARN__DUPLICATE_METHOD_MATCH = YES;
				"CODE_SIGN_IDENTITY[sdk=iphoneos*]" = "iPhone Developer";
				COPY_PHASE_STRIP = NO;
				DEBUG_INFORMATION_FORMAT = dwarf;
				ENABLE_STRICT_OBJC_MSGSEND = YES;
				ENABLE_TESTABILITY = YES;
				GCC_C_LANGUAGE_STANDARD = gnu99;
				GCC_DYNAMIC_NO_PIC = NO;
				GCC_NO_COMMON_BLOCKS = YES;
				GCC_OPTIMIZATION_LEVEL = 0;
				GCC_PREPROCESSOR_DEFINITIONS = (
					"DEBUG=1",
					"$(inherited)",
				);
				GCC_WARN_64_TO_32_BIT_CONVERSION = YES;
				GCC_WARN_ABOUT_RETURN_TYPE = YES_ERROR;
				GCC_WARN_UNDECLARED_SELECTOR = YES;
				GCC_WARN_UNINITIALIZED_AUTOS = YES_AGGRESSIVE;
				GCC_WARN_UNUSED_FUNCTION = YES;
				GCC_WARN_UNUSED_VARIABLE = YES;
				IPHONEOS_DEPLOYMENT_TARGET = 9.3;
				MTL_ENABLE_DEBUG_INFO = YES;
				ONLY_ACTIVE_ARCH = YES;
				SDKROOT = iphoneos;
				SWIFT_OPTIMIZATION_LEVEL = "-Onone";
				TARGETED_DEVICE_FAMILY = "1,2";
			};
			name = Debug;
		};
		48E440571D8111A000874D92 /* Release */ = {
			isa = XCBuildConfiguration;
			buildSettings = {
				ALWAYS_SEARCH_USER_PATHS = NO;
				CLANG_ANALYZER_NONNULL = YES;
				CLANG_CXX_LANGUAGE_STANDARD = "gnu++0x";
				CLANG_CXX_LIBRARY = "libc++";
				CLANG_ENABLE_MODULES = YES;
				CLANG_ENABLE_OBJC_ARC = YES;
				CLANG_WARN_BOOL_CONVERSION = YES;
				CLANG_WARN_CONSTANT_CONVERSION = YES;
				CLANG_WARN_DIRECT_OBJC_ISA_USAGE = YES_ERROR;
				CLANG_WARN_EMPTY_BODY = YES;
				CLANG_WARN_ENUM_CONVERSION = YES;
				CLANG_WARN_INT_CONVERSION = YES;
				CLANG_WARN_OBJC_ROOT_CLASS = YES_ERROR;
				CLANG_WARN_UNREACHABLE_CODE = YES;
				CLANG_WARN__DUPLICATE_METHOD_MATCH = YES;
				"CODE_SIGN_IDENTITY[sdk=iphoneos*]" = "iPhone Developer";
				COPY_PHASE_STRIP = NO;
				DEBUG_INFORMATION_FORMAT = "dwarf-with-dsym";
				ENABLE_NS_ASSERTIONS = NO;
				ENABLE_STRICT_OBJC_MSGSEND = YES;
				GCC_C_LANGUAGE_STANDARD = gnu99;
				GCC_NO_COMMON_BLOCKS = YES;
				GCC_WARN_64_TO_32_BIT_CONVERSION = YES;
				GCC_WARN_ABOUT_RETURN_TYPE = YES_ERROR;
				GCC_WARN_UNDECLARED_SELECTOR = YES;
				GCC_WARN_UNINITIALIZED_AUTOS = YES_AGGRESSIVE;
				GCC_WARN_UNUSED_FUNCTION = YES;
				GCC_WARN_UNUSED_VARIABLE = YES;
				IPHONEOS_DEPLOYMENT_TARGET = 9.3;
				MTL_ENABLE_DEBUG_INFO = NO;
				SDKROOT = iphoneos;
				TARGETED_DEVICE_FAMILY = "1,2";
				VALIDATE_PRODUCT = YES;
			};
			name = Release;
		};
		48E440591D8111A000874D92 /* Debug */ = {
			isa = XCBuildConfiguration;
			baseConfigurationReference = 7A5DCECD9D01A2ECA7C7EFBA /* Pods-Hipstagram.debug.xcconfig */;
			buildSettings = {
				ASSETCATALOG_COMPILER_APPICON_NAME = AppIcon;
				INFOPLIST_FILE = Hipstagram/Info.plist;
				LD_RUNPATH_SEARCH_PATHS = "$(inherited) @executable_path/Frameworks";
				PRODUCT_BUNDLE_IDENTIFIER = com.dragoh.Hipstagram;
				PRODUCT_NAME = "$(TARGET_NAME)";
			};
			name = Debug;
		};
		48E4405A1D8111A000874D92 /* Release */ = {
			isa = XCBuildConfiguration;
			baseConfigurationReference = 01CA4E0848DD0A1D3E989834 /* Pods-Hipstagram.release.xcconfig */;
			buildSettings = {
				ASSETCATALOG_COMPILER_APPICON_NAME = AppIcon;
				INFOPLIST_FILE = Hipstagram/Info.plist;
				LD_RUNPATH_SEARCH_PATHS = "$(inherited) @executable_path/Frameworks";
				PRODUCT_BUNDLE_IDENTIFIER = com.dragoh.Hipstagram;
				PRODUCT_NAME = "$(TARGET_NAME)";
			};
			name = Release;
		};
/* End XCBuildConfiguration section */

/* Begin XCConfigurationList section */
		48E440411D8111A000874D92 /* Build configuration list for PBXProject "Hipstagram" */ = {
			isa = XCConfigurationList;
			buildConfigurations = (
				48E440561D8111A000874D92 /* Debug */,
				48E440571D8111A000874D92 /* Release */,
			);
			defaultConfigurationIsVisible = 0;
			defaultConfigurationName = Release;
		};
		48E440581D8111A000874D92 /* Build configuration list for PBXNativeTarget "Hipstagram" */ = {
			isa = XCConfigurationList;
			buildConfigurations = (
				48E440591D8111A000874D92 /* Debug */,
				48E4405A1D8111A000874D92 /* Release */,
			);
			defaultConfigurationIsVisible = 0;
			defaultConfigurationName = Release;
		};
/* End XCConfigurationList section */
	};
	rootObject = 48E4403E1D8111A000874D92 /* Project object */;
}
